
Microsoft Visual Studio Solution File, Format Version 12.00
# Visual Studio Version 17
VisualStudioVersion = 17.0.31912.275
MinimumVisualStudioVersion = 10.0.40219.1
Project("{FAE04EC0-301F-11D3-BF4B-00C04F79EFBC}") = "1001", "1001\1001.csproj", "{DC9AB95E-8918-4C02-B2A0-2CBA654365ED}"
EndProject
Project("{FAE04EC0-301F-11D3-BF4B-00C04F79EFBC}") = "1002 _Area_do_Circulo", "1002 _Area_do_Circulo\1002 _Area_do_Circulo.csproj", "{79083B8F-89A2-436C-8664-521C3E683010}"
EndProject
Project("{FAE04EC0-301F-11D3-BF4B-00C04F79EFBC}") = "1003_Soma_Simples", "1003_Soma_Simples\1003_Soma_Simples.csproj", "{C4ADA7C7-5AB5-4914-8073-F9A839EB2389}"
EndProject
Global
	GlobalSection(SolutionConfigurationPlatforms) = preSolution
		Debug|Any CPU = Debug|Any CPU
		Release|Any CPU = Release|Any CPU
	EndGlobalSection
	GlobalSection(ProjectConfigurationPlatforms) = postSolution
		{DC9AB95E-8918-4C02-B2A0-2CBA654365ED}.Debug|Any CPU.ActiveCfg = Debug|Any CPU
		{DC9AB95E-8918-4C02-B2A0-2CBA654365ED}.Debug|Any CPU.Build.0 = Debug|Any CPU
		{DC9AB95E-8918-4C02-B2A0-2CBA654365ED}.Release|Any CPU.ActiveCfg = Release|Any CPU
		{DC9AB95E-8918-4C02-B2A0-2CBA654365ED}.Release|Any CPU.Build.0 = Release|Any CPU
		{79083B8F-89A2-436C-8664-521C3E683010}.Debug|Any CPU.ActiveCfg = Debug|Any CPU
		{79083B8F-89A2-436C-8664-521C3E683010}.Debug|Any CPU.Build.0 = Debug|Any CPU
		{79083B8F-89A2-436C-8664-521C3E683010}.Release|Any CPU.ActiveCfg = Release|Any CPU
		{79083B8F-89A2-436C-8664-521C3E683010}.Release|Any CPU.Build.0 = Release|Any CPU
		{C4ADA7C7-5AB5-4914-8073-F9A839EB2389}.Debug|Any CPU.ActiveCfg = Debug|Any CPU
		{C4ADA7C7-5AB5-4914-8073-F9A839EB2389}.Debug|Any CPU.Build.0 = Debug|Any CPU
		{C4ADA7C7-5AB5-4914-8073-F9A839EB2389}.Release|Any CPU.ActiveCfg = Release|Any CPU
		{C4ADA7C7-5AB5-4914-8073-F9A839EB2389}.Release|Any CPU.Build.0 = Release|Any CPU
	EndGlobalSection
	GlobalSection(SolutionProperties) = preSolution
		HideSolutionNode = FALSE
	EndGlobalSection
	GlobalSection(ExtensibilityGlobals) = postSolution
		SolutionGuid = {E93C12B4-31C7-471D-80A7-03418F628150}
	EndGlobalSection
EndGlobal
